
Microsoft Visual Studio Solution File, Format Version 12.00
# Visual Studio Version 16
VisualStudioVersion = 16.0.30011.22
MinimumVisualStudioVersion = 10.0.40219.1
Project("{FAE04EC0-301F-11D3-BF4B-00C04F79EFBC}") = "WebERPSolution", "WebERPSolution\WebERPSolution.csproj", "{CFA7C2C7-68B9-4E75-9883-50AAA9BEB309}"
EndProject
Global
	GlobalSection(SolutionConfigurationPlatforms) = preSolution
		Debug|Any CPU = Debug|Any CPU
		Release|Any CPU = Release|Any CPU
	EndGlobalSection
	GlobalSection(ProjectConfigurationPlatforms) = postSolution
		{CFA7C2C7-68B9-4E75-9883-50AAA9BEB309}.Debug|Any CPU.ActiveCfg = Debug|Any CPU
		{CFA7C2C7-68B9-4E75-9883-50AAA9BEB309}.Debug|Any CPU.Build.0 = Debug|Any CPU
		{CFA7C2C7-68B9-4E75-9883-50AAA9BEB309}.Release|Any CPU.ActiveCfg = Release|Any CPU
		{CFA7C2C7-68B9-4E75-9883-50AAA9BEB309}.Release|Any CPU.Build.0 = Release|Any CPU
	EndGlobalSection
	GlobalSection(SolutionProperties) = preSolution
		HideSolutionNode = FALSE
	EndGlobalSection
	GlobalSection(ExtensibilityGlobals) = postSolution
		SolutionGuid = {C482EDCF-870E-42C1-B00F-CC45D9E92A21}
	EndGlobalSection
EndGlobal
